
Microsoft Visual Studio Solution File, Format Version 12.00
# Visual Studio 15
VisualStudioVersion = 15.0.27130.2024
MinimumVisualStudioVersion = 10.0.40219.1
Project("{FAE04EC0-301F-11D3-BF4B-00C04F79EFBC}") = "WebApplication1", "WebApplication1\WebApplication1.csproj", "{FAC477FF-8EE3-4B8C-8339-9D52FF6BF7BA}"
EndProject
Global
	GlobalSection(SolutionConfigurationPlatforms) = preSolution
		Debug|Any CPU = Debug|Any CPU
		Release|Any CPU = Release|Any CPU
	EndGlobalSection
	GlobalSection(ProjectConfigurationPlatforms) = postSolution
		{FAC477FF-8EE3-4B8C-8339-9D52FF6BF7BA}.Debug|Any CPU.ActiveCfg = Debug|Any CPU
		{FAC477FF-8EE3-4B8C-8339-9D52FF6BF7BA}.Debug|Any CPU.Build.0 = Debug|Any CPU
		{FAC477FF-8EE3-4B8C-8339-9D52FF6BF7BA}.Release|Any CPU.ActiveCfg = Release|Any CPU
		{FAC477FF-8EE3-4B8C-8339-9D52FF6BF7BA}.Release|Any CPU.Build.0 = Release|Any CPU
	EndGlobalSection
	GlobalSection(SolutionProperties) = preSolution
		HideSolutionNode = FALSE
	EndGlobalSection
	GlobalSection(ExtensibilityGlobals) = postSolution
		SolutionGuid = {70507F49-8450-4806-80C6-69208A59B1B2}
	EndGlobalSection
EndGlobal
